
Microsoft Visual Studio Solution File, Format Version 12.00
# Visual Studio Version 16
VisualStudioVersion = 16.0.30320.27
MinimumVisualStudioVersion = 10.0.40219.1
Project("{9A19103F-16F7-4668-BE54-9A1E7A4F7556}") = "BricksAppFunction", "BricksAppFunction.csproj", "{3476C15B-6468-4CD3-9E2E-00E196886CB5}"
EndProject
Global
	GlobalSection(SolutionConfigurationPlatforms) = preSolution
		Debug|Any CPU = Debug|Any CPU
		Release|Any CPU = Release|Any CPU
	EndGlobalSection
	GlobalSection(ProjectConfigurationPlatforms) = postSolution
		{3476C15B-6468-4CD3-9E2E-00E196886CB5}.Debug|Any CPU.ActiveCfg = Debug|Any CPU
		{3476C15B-6468-4CD3-9E2E-00E196886CB5}.Debug|Any CPU.Build.0 = Debug|Any CPU
		{3476C15B-6468-4CD3-9E2E-00E196886CB5}.Release|Any CPU.ActiveCfg = Release|Any CPU
		{3476C15B-6468-4CD3-9E2E-00E196886CB5}.Release|Any CPU.Build.0 = Release|Any CPU
	EndGlobalSection
	GlobalSection(SolutionProperties) = preSolution
		HideSolutionNode = FALSE
	EndGlobalSection
	GlobalSection(ExtensibilityGlobals) = postSolution
		SolutionGuid = {7A97391B-F4E4-4267-969B-5A4A71141489}
	EndGlobalSection
EndGlobal
